
Microsoft Visual Studio Solution File, Format Version 12.00
# Visual Studio Version 16
VisualStudioVersion = 16.0.30804.86
MinimumVisualStudioVersion = 10.0.40219.1
Project("{FAE04EC0-301F-11D3-BF4B-00C04F79EFBC}") = "Kundenadressen", "Kundenadressen\Kundenadressen.csproj", "{2A95BFF3-4749-46C8-8FB6-58A9F134F9BE}"
EndProject
Global
	GlobalSection(SolutionConfigurationPlatforms) = preSolution
		Debug|Any CPU = Debug|Any CPU
		Release|Any CPU = Release|Any CPU
	EndGlobalSection
	GlobalSection(ProjectConfigurationPlatforms) = postSolution
		{2A95BFF3-4749-46C8-8FB6-58A9F134F9BE}.Debug|Any CPU.ActiveCfg = Debug|Any CPU
		{2A95BFF3-4749-46C8-8FB6-58A9F134F9BE}.Debug|Any CPU.Build.0 = Debug|Any CPU
		{2A95BFF3-4749-46C8-8FB6-58A9F134F9BE}.Release|Any CPU.ActiveCfg = Release|Any CPU
		{2A95BFF3-4749-46C8-8FB6-58A9F134F9BE}.Release|Any CPU.Build.0 = Release|Any CPU
	EndGlobalSection
	GlobalSection(SolutionProperties) = preSolution
		HideSolutionNode = FALSE
	EndGlobalSection
	GlobalSection(ExtensibilityGlobals) = postSolution
		SolutionGuid = {FC9F9905-DE80-4A69-8001-A3BFDFC51FB7}
	EndGlobalSection
EndGlobal
